{
    "version": 3,
    "terraform_version": "0.11.7",
    "serial": 9,
    "lineage": "430fc08c-d215-527a-dbbb-4761e78b855f",
    "modules": [
        {
            "path": [
                "root"
            ],
            "outputs": {},
            "resources": {
                "azurerm_network_interface.myterraformnic": {
                    "type": "azurerm_network_interface",
                    "depends_on": [
                        "azurerm_network_security_group.myterraformnsg",
                        "azurerm_public_ip.myterraformpublicip",
                        "azurerm_resource_group.myterraformgroup",
                        "azurerm_subnet.myterraformsubnet"
                    ],
                    "primary": {
                        "id": "/subscriptions/aa4258da-1f5a-4595-8ffd-6588461d65b8/resourceGroups/RG-VCAP-DEV/providers/Microsoft.Network/networkInterfaces/nic-vcap-dev",
                        "attributes": {
                            "applied_dns_servers.#": "0",
                            "dns_servers.#": "0",
                            "enable_accelerated_networking": "false",
                            "enable_ip_forwarding": "false",
                            "id": "/subscriptions/aa4258da-1f5a-4595-8ffd-6588461d65b8/resourceGroups/RG-VCAP-DEV/providers/Microsoft.Network/networkInterfaces/nic-vcap-dev",
                            "internal_dns_name_label": "",
                            "internal_fqdn": "",
                            "ip_configuration.#": "1",
                            "ip_configuration.0.application_gateway_backend_address_pools_ids.#": "0",
                            "ip_configuration.0.application_security_group_ids.#": "0",
                            "ip_configuration.0.load_balancer_backend_address_pools_ids.#": "0",
                            "ip_configuration.0.load_balancer_inbound_nat_rules_ids.#": "0",
                            "ip_configuration.0.name": "myNicConfiguration",
                            "ip_configuration.0.primary": "true",
                            "ip_configuration.0.private_ip_address": "",
                            "ip_configuration.0.private_ip_address_allocation": "dynamic",
                            "ip_configuration.0.public_ip_address_id": "/subscriptions/aa4258da-1f5a-4595-8ffd-6588461d65b8/resourceGroups/RG-VCAP-DEV/providers/Microsoft.Network/publicIPAddresses/ip-vcap-dev",
                            "ip_configuration.0.subnet_id": "/subscriptions/aa4258da-1f5a-4595-8ffd-6588461d65b8/resourceGroups/RG-VCAP-DEV/providers/Microsoft.Network/virtualNetworks/vnet-vcap-dev/subnets/subnet-vcap-dev",
                            "location": "eastus",
                            "mac_address": "",
                            "name": "nic-vcap-dev",
                            "network_security_group_id": "/subscriptions/aa4258da-1f5a-4595-8ffd-6588461d65b8/resourceGroups/RG-VCAP-DEV/providers/Microsoft.Network/networkSecurityGroups/nsg-vcap-dev",
                            "private_ip_address": "10.0.1.4",
                            "private_ip_addresses.#": "1",
                            "private_ip_addresses.0": "10.0.1.4",
                            "resource_group_name": "RG-VCAP-DEV",
                            "tags.%": "2",
                            "tags.contact": "username",
                            "tags.environment": "standalone"
                        },
                        "meta": {},
                        "tainted": false
                    },
                    "deposed": [],
                    "provider": "provider.azurerm"
                },
                "azurerm_network_security_group.myterraformnsg": {
                    "type": "azurerm_network_security_group",
                    "depends_on": [
                        "azurerm_resource_group.myterraformgroup"
                    ],
                    "primary": {
                        "id": "/subscriptions/aa4258da-1f5a-4595-8ffd-6588461d65b8/resourceGroups/RG-VCAP-DEV/providers/Microsoft.Network/networkSecurityGroups/nsg-vcap-dev",
                        "attributes": {
                            "id": "/subscriptions/aa4258da-1f5a-4595-8ffd-6588461d65b8/resourceGroups/RG-VCAP-DEV/providers/Microsoft.Network/networkSecurityGroups/nsg-vcap-dev",
                            "location": "eastus",
                            "name": "nsg-vcap-dev",
                            "resource_group_name": "RG-VCAP-DEV",
                            "security_rule.#": "1",
                            "security_rule.2090309246.access": "Allow",
                            "security_rule.2090309246.description": "",
                            "security_rule.2090309246.destination_address_prefix": "*",
                            "security_rule.2090309246.destination_address_prefixes.#": "0",
                            "security_rule.2090309246.destination_application_security_group_ids.#": "0",
                            "security_rule.2090309246.destination_port_range": "22",
                            "security_rule.2090309246.destination_port_ranges.#": "0",
                            "security_rule.2090309246.direction": "Inbound",
                            "security_rule.2090309246.name": "SSH",
                            "security_rule.2090309246.priority": "1001",
                            "security_rule.2090309246.protocol": "Tcp",
                            "security_rule.2090309246.source_address_prefix": "*",
                            "security_rule.2090309246.source_address_prefixes.#": "0",
                            "security_rule.2090309246.source_application_security_group_ids.#": "0",
                            "security_rule.2090309246.source_port_range": "*",
                            "security_rule.2090309246.source_port_ranges.#": "0",
                            "tags.%": "2",
                            "tags.contact": "username",
                            "tags.environment": "standalone"
                        },
                        "meta": {},
                        "tainted": false
                    },
                    "deposed": [],
                    "provider": "provider.azurerm"
                },
                "azurerm_public_ip.myterraformpublicip": {
                    "type": "azurerm_public_ip",
                    "depends_on": [
                        "azurerm_resource_group.myterraformgroup"
                    ],
                    "primary": {
                        "id": "/subscriptions/aa4258da-1f5a-4595-8ffd-6588461d65b8/resourceGroups/RG-VCAP-DEV/providers/Microsoft.Network/publicIPAddresses/ip-vcap-dev",
                        "attributes": {
                            "id": "/subscriptions/aa4258da-1f5a-4595-8ffd-6588461d65b8/resourceGroups/RG-VCAP-DEV/providers/Microsoft.Network/publicIPAddresses/ip-vcap-dev",
                            "location": "eastus",
                            "name": "ip-vcap-dev",
                            "public_ip_address_allocation": "dynamic",
                            "resource_group_name": "RG-VCAP-DEV",
                            "sku": "Basic",
                            "tags.%": "2",
                            "tags.contact": "username",
                            "tags.environment": "standalone",
                            "zones.#": "0"
                        },
                        "meta": {},
                        "tainted": false
                    },
                    "deposed": [],
                    "provider": "provider.azurerm"
                },
                "azurerm_resource_group.myterraformgroup": {
                    "type": "azurerm_resource_group",
                    "depends_on": [],
                    "primary": {
                        "id": "/subscriptions/aa4258da-1f5a-4595-8ffd-6588461d65b8/resourceGroups/RG-VCAP-DEV",
                        "attributes": {
                            "id": "/subscriptions/aa4258da-1f5a-4595-8ffd-6588461d65b8/resourceGroups/RG-VCAP-DEV",
                            "location": "eastus",
                            "name": "RG-VCAP-DEV",
                            "tags.%": "2",
                            "tags.contact": "username",
                            "tags.environment": "standalone"
                        },
                        "meta": {},
                        "tainted": false
                    },
                    "deposed": [],
                    "provider": "provider.azurerm"
                },
                "azurerm_storage_account.mystorageaccount": {
                    "type": "azurerm_storage_account",
                    "depends_on": [
                        "azurerm_resource_group.myterraformgroup",
                        "random_id.randomId"
                    ],
                    "primary": {
                        "id": "/subscriptions/aa4258da-1f5a-4595-8ffd-6588461d65b8/resourceGroups/RG-VCAP-DEV/providers/Microsoft.Storage/storageAccounts/diagcb491cfc2e6a818a",
                        "attributes": {
                            "access_tier": "",
                            "account_encryption_source": "Microsoft.Storage",
                            "account_kind": "Storage",
                            "account_replication_type": "LRS",
                            "account_tier": "Standard",
                            "account_type": "Standard_LRS",
                            "enable_blob_encryption": "true",
                            "enable_file_encryption": "true",
                            "enable_https_traffic_only": "false",
                            "id": "/subscriptions/aa4258da-1f5a-4595-8ffd-6588461d65b8/resourceGroups/RG-VCAP-DEV/providers/Microsoft.Storage/storageAccounts/diagcb491cfc2e6a818a",
                            "location": "eastus",
                            "name": "diagcb491cfc2e6a818a",
                            "primary_access_key": "l2x91dPWsR+YBAL6mOQuAbj/FPJL5LFL02YVgd5ZOognzEuWr/hnlXhOSVrLbPveIbEpI3kVrJHRGaRzskrJZQ==",
                            "primary_blob_connection_string": "DefaultEndpointsProtocol=https;BlobEndpoint=https://diagcb491cfc2e6a818a.blob.core.windows.net/;AccountName=diagcb491cfc2e6a818a;AccountKey=l2x91dPWsR+YBAL6mOQuAbj/FPJL5LFL02YVgd5ZOognzEuWr/hnlXhOSVrLbPveIbEpI3kVrJHRGaRzskrJZQ==",
                            "primary_blob_endpoint": "https://diagcb491cfc2e6a818a.blob.core.windows.net/",
                            "primary_connection_string": "DefaultEndpointsProtocol=https;AccountName=diagcb491cfc2e6a818a;AccountKey=l2x91dPWsR+YBAL6mOQuAbj/FPJL5LFL02YVgd5ZOognzEuWr/hnlXhOSVrLbPveIbEpI3kVrJHRGaRzskrJZQ==;EndpointSuffix=core.windows.net",
                            "primary_file_endpoint": "https://diagcb491cfc2e6a818a.file.core.windows.net/",
                            "primary_location": "eastus",
                            "primary_queue_endpoint": "https://diagcb491cfc2e6a818a.queue.core.windows.net/",
                            "primary_table_endpoint": "https://diagcb491cfc2e6a818a.table.core.windows.net/",
                            "resource_group_name": "RG-VCAP-DEV",
                            "secondary_access_key": "3X9gElVPwn+yJIWV+/2/hXLBGXnoYFsnY9XQfpuZw1CCEDworPIz3p86PsoOWSJ+yRwlEgpBGYGYge6yyU+0Bg==",
                            "secondary_connection_string": "DefaultEndpointsProtocol=https;AccountName=diagcb491cfc2e6a818a;AccountKey=3X9gElVPwn+yJIWV+/2/hXLBGXnoYFsnY9XQfpuZw1CCEDworPIz3p86PsoOWSJ+yRwlEgpBGYGYge6yyU+0Bg==;EndpointSuffix=core.windows.net",
                            "secondary_location": "",
                            "tags.%": "2",
                            "tags.contact": "username",
                            "tags.environment": "standalone"
                        },
                        "meta": {
                            "schema_version": "2"
                        },
                        "tainted": false
                    },
                    "deposed": [],
                    "provider": "provider.azurerm"
                },
                "azurerm_subnet.myterraformsubnet": {
                    "type": "azurerm_subnet",
                    "depends_on": [
                        "azurerm_resource_group.myterraformgroup",
                        "azurerm_virtual_network.myterraformnetwork"
                    ],
                    "primary": {
                        "id": "/subscriptions/aa4258da-1f5a-4595-8ffd-6588461d65b8/resourceGroups/RG-VCAP-DEV/providers/Microsoft.Network/virtualNetworks/vnet-vcap-dev/subnets/subnet-vcap-dev",
                        "attributes": {
                            "address_prefix": "10.0.1.0/24",
                            "id": "/subscriptions/aa4258da-1f5a-4595-8ffd-6588461d65b8/resourceGroups/RG-VCAP-DEV/providers/Microsoft.Network/virtualNetworks/vnet-vcap-dev/subnets/subnet-vcap-dev",
                            "ip_configurations.#": "0",
                            "name": "subnet-vcap-dev",
                            "resource_group_name": "RG-VCAP-DEV",
                            "service_endpoints.#": "0",
                            "virtual_network_name": "vnet-vcap-dev"
                        },
                        "meta": {},
                        "tainted": false
                    },
                    "deposed": [],
                    "provider": "provider.azurerm"
                },
                "azurerm_virtual_machine.myterraformvm": {
                    "type": "azurerm_virtual_machine",
                    "depends_on": [
                        "azurerm_network_interface.myterraformnic",
                        "azurerm_resource_group.myterraformgroup",
                        "azurerm_storage_account.mystorageaccount"
                    ],
                    "primary": {
                        "id": "/subscriptions/aa4258da-1f5a-4595-8ffd-6588461d65b8/resourceGroups/RG-VCAP-DEV/providers/Microsoft.Compute/virtualMachines/vm-vcap-dev",
                        "attributes": {
                            "boot_diagnostics.#": "1",
                            "boot_diagnostics.0.enabled": "true",
                            "boot_diagnostics.0.storage_uri": "https://diagcb491cfc2e6a818a.blob.core.windows.net/",
                            "delete_data_disks_on_termination": "false",
                            "delete_os_disk_on_termination": "false",
                            "id": "/subscriptions/aa4258da-1f5a-4595-8ffd-6588461d65b8/resourceGroups/RG-VCAP-DEV/providers/Microsoft.Compute/virtualMachines/vm-vcap-dev",
                            "identity.#": "0",
                            "location": "eastus",
                            "name": "vm-vcap-dev",
                            "network_interface_ids.#": "1",
                            "network_interface_ids.0": "/subscriptions/aa4258da-1f5a-4595-8ffd-6588461d65b8/resourceGroups/RG-VCAP-DEV/providers/Microsoft.Network/networkInterfaces/nic-vcap-dev",
                            "os_profile.#": "1",
                            "os_profile.4184813905.admin_password": "",
                            "os_profile.4184813905.admin_username": "azureuser",
                            "os_profile.4184813905.computer_name": "vm-vcap-dev",
                            "os_profile.4184813905.custom_data": "",
                            "os_profile_linux_config.#": "1",
                            "os_profile_linux_config.69840937.disable_password_authentication": "true",
                            "os_profile_linux_config.69840937.ssh_keys.#": "1",
                            "os_profile_linux_config.69840937.ssh_keys.0.key_data": "ssh-rsa AAAAB3NzaC1yc2EAAAADAQABAAACAQC8zku40xkNKrz2T2Swo2gEs6L8Jmp0UlruxH8u55QyPdKiWb7wzpNMsn6uhOkJ77L5+FLFm0CvP28dtCAcQwX0IdHGMv3lNru62EqA5cppv8BqZTlLkArS2Ord9Bmn445j3gVr+9LE2jAoMNNnQ7pHRVHn1iYkm/VSnQPu9IUPyj6uRISxg1efVumYI3Ov8vk2vrIiRWWZVkTTVEGN9RRbS8Q++KOrxmjw0Or4PnOcMbYB9OzsUVK4lmLgpY1/Td7kc2GSMdgglWt+bZr2aH9IMfjxignMdbycTmxjG4eDRvPMAU5e97slIOKyUfAiTLblBr8KHWEG/y5IKhdlXsRL7Bpo3a1EFdNSJs/JfZ9U8B/aLEYGobpUn3F4Gv7udnYodTuBM9H/Eo/LORKdDDGOC43sABUs+vmLVwhS2HQ9kWK8YoIVYVlechVB3Cb7AL7KWnjtKZTYqQAAcheRtOMNP2Wi9KVJewdmrj9W0nCYY5QK4hFfBD1cMRQuSQhQolcoIs6Ssh9+Nt/KiFFRRcz/kIqI89ctrOYMNOASQ6sf2wh1yWuY1aWrLPcGLp1GocLwBI0wvm4AQR/YNyOBMqqyKuA4zshTlCrnUorb8KG5/dgqO/5ikbuduNBRSmR2Hb2o254HMaaGTL3shhJFCrWFzbK7r9XgXuArdJL2kbLFOQ== pknw1@ns515993.ip-167-114-210.net",
                            "os_profile_linux_config.69840937.ssh_keys.0.path": "/home/azureuser/.ssh/authorized_keys",
                            "os_profile_secrets.#": "0",
                            "resource_group_name": "RG-VCAP-DEV",
                            "storage_data_disk.#": "0",
                            "storage_image_reference.#": "1",
                            "storage_image_reference.363552096.id": "",
                            "storage_image_reference.363552096.offer": "UbuntuServer",
                            "storage_image_reference.363552096.publisher": "Canonical",
                            "storage_image_reference.363552096.sku": "16.04.0-LTS",
                            "storage_image_reference.363552096.version": "latest",
                            "storage_os_disk.#": "1",
                            "storage_os_disk.0.caching": "ReadWrite",
                            "storage_os_disk.0.create_option": "FromImage",
                            "storage_os_disk.0.disk_size_gb": "30",
                            "storage_os_disk.0.image_uri": "",
                            "storage_os_disk.0.managed_disk_id": "/subscriptions/aa4258da-1f5a-4595-8ffd-6588461d65b8/resourceGroups/RG-VCAP-DEV/providers/Microsoft.Compute/disks/myOsDisk",
                            "storage_os_disk.0.managed_disk_type": "Premium_LRS",
                            "storage_os_disk.0.name": "myOsDisk",
                            "storage_os_disk.0.os_type": "Linux",
                            "storage_os_disk.0.vhd_uri": "",
                            "tags.%": "2",
                            "tags.contact": "username",
                            "tags.environment": "standalone",
                            "vm_size": "Standard_DS1_v2",
                            "zones.#": "0"
                        },
                        "meta": {},
                        "tainted": false
                    },
                    "deposed": [],
                    "provider": "provider.azurerm"
                },
                "azurerm_virtual_network.myterraformnetwork": {
                    "type": "azurerm_virtual_network",
                    "depends_on": [
                        "azurerm_resource_group.myterraformgroup"
                    ],
                    "primary": {
                        "id": "/subscriptions/aa4258da-1f5a-4595-8ffd-6588461d65b8/resourceGroups/RG-VCAP-DEV/providers/Microsoft.Network/virtualNetworks/vnet-vcap-dev",
                        "attributes": {
                            "address_space.#": "1",
                            "address_space.0": "10.0.0.0/16",
                            "dns_servers.#": "0",
                            "id": "/subscriptions/aa4258da-1f5a-4595-8ffd-6588461d65b8/resourceGroups/RG-VCAP-DEV/providers/Microsoft.Network/virtualNetworks/vnet-vcap-dev",
                            "location": "eastus",
                            "name": "vnet-vcap-dev",
                            "resource_group_name": "RG-VCAP-DEV",
                            "subnet.#": "0",
                            "tags.%": "2",
                            "tags.contact": "username",
                            "tags.environment": "standalone"
                        },
                        "meta": {},
                        "tainted": false
                    },
                    "deposed": [],
                    "provider": "provider.azurerm"
                },
                "random_id.randomId": {
                    "type": "random_id",
                    "depends_on": [
                        "azurerm_resource_group.myterraformgroup"
                    ],
                    "primary": {
                        "id": "y0kc_C5qgYo",
                        "attributes": {
                            "b64": "y0kc_C5qgYo",
                            "b64_std": "y0kc/C5qgYo=",
                            "b64_url": "y0kc_C5qgYo",
                            "byte_length": "8",
                            "dec": "14648271132435317130",
                            "hex": "cb491cfc2e6a818a",
                            "id": "y0kc_C5qgYo",
                            "keepers.%": "1",
                            "keepers.resource_group": "RG-VCAP-DEV"
                        },
                        "meta": {},
                        "tainted": false
                    },
                    "deposed": [],
                    "provider": "provider.random"
                }
            },
            "depends_on": []
        }
    ]
}
